
Microsoft Visual Studio Solution File, Format Version 12.00
Project("{FAE04EC0-301F-11D3-BF4B-00C04F79EFBC}") = "Api", "Api\Api.csproj", "{3CDF5C88-E924-4213-8452-47E88475250E}"
EndProject
Project("{FAE04EC0-301F-11D3-BF4B-00C04F79EFBC}") = "Tests", "Tests\Tests.csproj", "{B8791C2E-5725-48C9-B32D-05C34B97E6B3}"
EndProject
Project("{FAE04EC0-301F-11D3-BF4B-00C04F79EFBC}") = "Admin.Api", "Admin.Api\Admin.Api.csproj", "{D410B76F-C9FC-45A2-9A4E-4A24363A851C}"
EndProject
Project("{FAE04EC0-301F-11D3-BF4B-00C04F79EFBC}") = "Core", "Core\Core.csproj", "{626B1DBF-DFDE-431F-BB6F-41A78F5BC914}"
EndProject
Project("{FAE04EC0-301F-11D3-BF4B-00C04F79EFBC}") = "DB", "DB\DB.csproj", "{59286A62-57F2-4BD9-AB95-E2DC5E66E070}"
EndProject
Global
	GlobalSection(SolutionConfigurationPlatforms) = preSolution
		Debug|Any CPU = Debug|Any CPU
		Release|Any CPU = Release|Any CPU
	EndGlobalSection
	GlobalSection(ProjectConfigurationPlatforms) = postSolution
		{3CDF5C88-E924-4213-8452-47E88475250E}.Debug|Any CPU.ActiveCfg = Debug|Any CPU
		{3CDF5C88-E924-4213-8452-47E88475250E}.Debug|Any CPU.Build.0 = Debug|Any CPU
		{3CDF5C88-E924-4213-8452-47E88475250E}.Release|Any CPU.ActiveCfg = Release|Any CPU
		{3CDF5C88-E924-4213-8452-47E88475250E}.Release|Any CPU.Build.0 = Release|Any CPU
		{B8791C2E-5725-48C9-B32D-05C34B97E6B3}.Debug|Any CPU.ActiveCfg = Debug|Any CPU
		{B8791C2E-5725-48C9-B32D-05C34B97E6B3}.Debug|Any CPU.Build.0 = Debug|Any CPU
		{B8791C2E-5725-48C9-B32D-05C34B97E6B3}.Release|Any CPU.ActiveCfg = Release|Any CPU
		{B8791C2E-5725-48C9-B32D-05C34B97E6B3}.Release|Any CPU.Build.0 = Release|Any CPU
		{D410B76F-C9FC-45A2-9A4E-4A24363A851C}.Debug|Any CPU.ActiveCfg = Debug|Any CPU
		{D410B76F-C9FC-45A2-9A4E-4A24363A851C}.Debug|Any CPU.Build.0 = Debug|Any CPU
		{D410B76F-C9FC-45A2-9A4E-4A24363A851C}.Release|Any CPU.ActiveCfg = Release|Any CPU
		{D410B76F-C9FC-45A2-9A4E-4A24363A851C}.Release|Any CPU.Build.0 = Release|Any CPU
		{626B1DBF-DFDE-431F-BB6F-41A78F5BC914}.Debug|Any CPU.ActiveCfg = Debug|Any CPU
		{626B1DBF-DFDE-431F-BB6F-41A78F5BC914}.Debug|Any CPU.Build.0 = Debug|Any CPU
		{626B1DBF-DFDE-431F-BB6F-41A78F5BC914}.Release|Any CPU.ActiveCfg = Release|Any CPU
		{626B1DBF-DFDE-431F-BB6F-41A78F5BC914}.Release|Any CPU.Build.0 = Release|Any CPU
		{59286A62-57F2-4BD9-AB95-E2DC5E66E070}.Debug|Any CPU.ActiveCfg = Debug|Any CPU
		{59286A62-57F2-4BD9-AB95-E2DC5E66E070}.Debug|Any CPU.Build.0 = Debug|Any CPU
		{59286A62-57F2-4BD9-AB95-E2DC5E66E070}.Release|Any CPU.ActiveCfg = Release|Any CPU
		{59286A62-57F2-4BD9-AB95-E2DC5E66E070}.Release|Any CPU.Build.0 = Release|Any CPU
	EndGlobalSection
EndGlobal
